
Microsoft Visual Studio Solution File, Format Version 12.00
# Visual Studio Version 17
VisualStudioVersion = 17.11.35222.181
MinimumVisualStudioVersion = 10.0.40219.1
Project("{FAE04EC0-301F-11D3-BF4B-00C04F79EFBC}") = "Forms", "Forms\Forms.csproj", "{F6770666-40E1-4907-A42E-474BCC1060BB}"
EndProject
Global
	GlobalSection(SolutionConfigurationPlatforms) = preSolution
		Debug|Any CPU = Debug|Any CPU
		Release|Any CPU = Release|Any CPU
	EndGlobalSection
	GlobalSection(ProjectConfigurationPlatforms) = postSolution
		{F6770666-40E1-4907-A42E-474BCC1060BB}.Debug|Any CPU.ActiveCfg = Debug|Any CPU
		{F6770666-40E1-4907-A42E-474BCC1060BB}.Debug|Any CPU.Build.0 = Debug|Any CPU
		{F6770666-40E1-4907-A42E-474BCC1060BB}.Release|Any CPU.ActiveCfg = Release|Any CPU
		{F6770666-40E1-4907-A42E-474BCC1060BB}.Release|Any CPU.Build.0 = Release|Any CPU
	EndGlobalSection
	GlobalSection(SolutionProperties) = preSolution
		HideSolutionNode = FALSE
	EndGlobalSection
	GlobalSection(ExtensibilityGlobals) = postSolution
		SolutionGuid = {6DEBC0E1-BC1B-48F3-B59A-057864BA21E0}
	EndGlobalSection
EndGlobal
